
Microsoft Visual Studio Solution File, Format Version 12.00
Project("{FAE04EC0-301F-11D3-BF4B-00C04F79EFBC}") = "Imlight.Backend", "Backend\Imlight.Backend.csproj", "{D75F750B-9988-4BC3-9DEE-7A1EC95E4D56}"
EndProject
Project("{FAE04EC0-301F-11D3-BF4B-00C04F79EFBC}") = "Imlight.Common", "Common\Imlight.Common.csproj", "{88ED340C-8B4E-4E82-844C-BBD02183D2FF}"
EndProject
Project("{FAE04EC0-301F-11D3-BF4B-00C04F79EFBC}") = "Imlight.Server", "Server\Imlight.Server.csproj", "{454FBBD0-49B2-4A16-8DA7-EB6166A4D3E6}"
EndProject
Project("{2150E333-8FDC-42A3-9474-1A3956D46DE8}") = "Tools", "Tools", "{8A28CCDB-E2C9-442A-9405-424D89137D7B}"
EndProject
Project("{FAE04EC0-301F-11D3-BF4B-00C04F79EFBC}") = "DragonZoneTool", "Tools\DragonZoneTool\DragonZoneTool.csproj", "{A401E1A0-1042-4CAB-BF65-246D24865D29}"
EndProject
Project("{FAE04EC0-301F-11D3-BF4B-00C04F79EFBC}") = "WizUnravelerCLI", "Tools\WizUnravelerCLI\WizUnravelerCLI.csproj", "{AAAF5050-A772-4067-817A-C2B20D158F90}"
EndProject
Project("{FAE04EC0-301F-11D3-BF4B-00C04F79EFBC}") = "CacheGenerator", "Tools\CacheGenerator\CacheGenerator.csproj", "{1E219E57-85D4-4C77-B682-71307EF57D1B}"
EndProject
Global
	GlobalSection(SolutionConfigurationPlatforms) = preSolution
		Debug|Any CPU = Debug|Any CPU
		Release|Any CPU = Release|Any CPU
	EndGlobalSection
	GlobalSection(ProjectConfigurationPlatforms) = postSolution
		{D75F750B-9988-4BC3-9DEE-7A1EC95E4D56}.Debug|Any CPU.ActiveCfg = Debug|Any CPU
		{D75F750B-9988-4BC3-9DEE-7A1EC95E4D56}.Debug|Any CPU.Build.0 = Debug|Any CPU
		{D75F750B-9988-4BC3-9DEE-7A1EC95E4D56}.Release|Any CPU.ActiveCfg = Release|Any CPU
		{D75F750B-9988-4BC3-9DEE-7A1EC95E4D56}.Release|Any CPU.Build.0 = Release|Any CPU
		{88ED340C-8B4E-4E82-844C-BBD02183D2FF}.Debug|Any CPU.ActiveCfg = Debug|Any CPU
		{88ED340C-8B4E-4E82-844C-BBD02183D2FF}.Debug|Any CPU.Build.0 = Debug|Any CPU
		{88ED340C-8B4E-4E82-844C-BBD02183D2FF}.Release|Any CPU.ActiveCfg = Release|Any CPU
		{88ED340C-8B4E-4E82-844C-BBD02183D2FF}.Release|Any CPU.Build.0 = Release|Any CPU
		{454FBBD0-49B2-4A16-8DA7-EB6166A4D3E6}.Debug|Any CPU.ActiveCfg = Debug|Any CPU
		{454FBBD0-49B2-4A16-8DA7-EB6166A4D3E6}.Debug|Any CPU.Build.0 = Debug|Any CPU
		{454FBBD0-49B2-4A16-8DA7-EB6166A4D3E6}.Release|Any CPU.ActiveCfg = Release|Any CPU
		{454FBBD0-49B2-4A16-8DA7-EB6166A4D3E6}.Release|Any CPU.Build.0 = Release|Any CPU
		{A401E1A0-1042-4CAB-BF65-246D24865D29}.Debug|Any CPU.ActiveCfg = Debug|Any CPU
		{A401E1A0-1042-4CAB-BF65-246D24865D29}.Debug|Any CPU.Build.0 = Debug|Any CPU
		{A401E1A0-1042-4CAB-BF65-246D24865D29}.Release|Any CPU.ActiveCfg = Release|Any CPU
		{A401E1A0-1042-4CAB-BF65-246D24865D29}.Release|Any CPU.Build.0 = Release|Any CPU
		{AAAF5050-A772-4067-817A-C2B20D158F90}.Debug|Any CPU.ActiveCfg = Debug|Any CPU
		{AAAF5050-A772-4067-817A-C2B20D158F90}.Debug|Any CPU.Build.0 = Debug|Any CPU
		{AAAF5050-A772-4067-817A-C2B20D158F90}.Release|Any CPU.ActiveCfg = Release|Any CPU
		{AAAF5050-A772-4067-817A-C2B20D158F90}.Release|Any CPU.Build.0 = Release|Any CPU
		{1E219E57-85D4-4C77-B682-71307EF57D1B}.Debug|Any CPU.ActiveCfg = Debug|Any CPU
		{1E219E57-85D4-4C77-B682-71307EF57D1B}.Debug|Any CPU.Build.0 = Debug|Any CPU
		{1E219E57-85D4-4C77-B682-71307EF57D1B}.Release|Any CPU.ActiveCfg = Release|Any CPU
		{1E219E57-85D4-4C77-B682-71307EF57D1B}.Release|Any CPU.Build.0 = Release|Any CPU
	EndGlobalSection
	GlobalSection(NestedProjects) = preSolution
		{A401E1A0-1042-4CAB-BF65-246D24865D29} = {8A28CCDB-E2C9-442A-9405-424D89137D7B}
		{AAAF5050-A772-4067-817A-C2B20D158F90} = {8A28CCDB-E2C9-442A-9405-424D89137D7B}
		{1E219E57-85D4-4C77-B682-71307EF57D1B} = {8A28CCDB-E2C9-442A-9405-424D89137D7B}
	EndGlobalSection
EndGlobal
